// !$*UTF8*$!
{
	archiveVersion = 1;
	classes = {
	};
	objectVersion = 56;
	objects = {

/* Begin PBXBuildFile section */
		29B3AEB929C37E73007C763D /* AppDelegate.swift in Sources */ = {isa = PBXBuildFile; fileRef = 29B3AEB829C37E73007C763D /* AppDelegate.swift */; };
		29B3AEBB29C37E73007C763D /* SceneDelegate.swift in Sources */ = {isa = PBXBuildFile; fileRef = 29B3AEBA29C37E73007C763D /* SceneDelegate.swift */; };
		29B3AEC229C37E74007C763D /* Assets.xcassets in Resources */ = {isa = PBXBuildFile; fileRef = 29B3AEC129C37E74007C763D /* Assets.xcassets */; };
		29B3AECE29C388C0007C763D /* .swiftlint.yml in Resources */ = {isa = PBXBuildFile; fileRef = 29B3AECD29C388C0007C763D /* .swiftlint.yml */; };
		43E10BA029D300FF003B0EC2 /* AppCoordinator.swift in Sources */ = {isa = PBXBuildFile; fileRef = 43E10B9F29D300FF003B0EC2 /* AppCoordinator.swift */; };
		43E10BA329D30110003B0EC2 /* AbstractCoordinator.swift in Sources */ = {isa = PBXBuildFile; fileRef = 43E10BA229D30110003B0EC2 /* AbstractCoordinator.swift */; };
		43E10BA629D30122003B0EC2 /* RootCoordinator.swift in Sources */ = {isa = PBXBuildFile; fileRef = 43E10BA529D30122003B0EC2 /* RootCoordinator.swift */; };
		43E10BA829D301DC003B0EC2 /* DependencyFactory.swift in Sources */ = {isa = PBXBuildFile; fileRef = 43E10BA729D301DC003B0EC2 /* DependencyFactory.swift */; };
		43E10BAA29D301F4003B0EC2 /* Module.swift in Sources */ = {isa = PBXBuildFile; fileRef = 43E10BA929D301F4003B0EC2 /* Module.swift */; };
		43E10BB229D3033A003B0EC2 /* CartModule.swift in Sources */ = {isa = PBXBuildFile; fileRef = 43E10BB129D3033A003B0EC2 /* CartModule.swift */; };
		43E10BB429D30359003B0EC2 /* Cart.swift in Sources */ = {isa = PBXBuildFile; fileRef = 43E10BB329D30359003B0EC2 /* Cart.swift */; };
		43E10BB629D3039E003B0EC2 /* CartViewController.swift in Sources */ = {isa = PBXBuildFile; fileRef = 43E10BB529D3039E003B0EC2 /* CartViewController.swift */; };
		43E10BB829D303B1003B0EC2 /* CartCell.swift in Sources */ = {isa = PBXBuildFile; fileRef = 43E10BB729D303B1003B0EC2 /* CartCell.swift */; };
		43E10BBA29D303C8003B0EC2 /* CartPresenter.swift in Sources */ = {isa = PBXBuildFile; fileRef = 43E10BB929D303C8003B0EC2 /* CartPresenter.swift */; };
		43E10BBC29D303E5003B0EC2 /* CartService.swift in Sources */ = {isa = PBXBuildFile; fileRef = 43E10BBB29D303E5003B0EC2 /* CartService.swift */; };
		7311FC193D287317414284BD /* Pods_TinkoffExpress.framework in Frameworks */ = {isa = PBXBuildFile; fileRef = 3E324B477F9FFDD8C719D73D /* Pods_TinkoffExpress.framework */; };
/* End PBXBuildFile section */

/* Begin PBXFileReference section */
		29B3AEB829C37E73007C763D /* AppDelegate.swift */ = {isa = PBXFileReference; lastKnownFileType = sourcecode.swift; path = AppDelegate.swift; sourceTree = "<group>"; };
		29B3AEBA29C37E73007C763D /* SceneDelegate.swift */ = {isa = PBXFileReference; lastKnownFileType = sourcecode.swift; path = SceneDelegate.swift; sourceTree = "<group>"; };
		29B3AEC129C37E74007C763D /* Assets.xcassets */ = {isa = PBXFileReference; lastKnownFileType = folder.assetcatalog; path = Assets.xcassets; sourceTree = "<group>"; };
		29B3AEC629C37E74007C763D /* Info.plist */ = {isa = PBXFileReference; lastKnownFileType = text.plist.xml; path = Info.plist; sourceTree = "<group>"; };
		29B3AECD29C388C0007C763D /* .swiftlint.yml */ = {isa = PBXFileReference; lastKnownFileType = text.yaml; path = .swiftlint.yml; sourceTree = "<group>"; };
		29B3AED129C38C3A007C763D /* TinkoffExpress.app */ = {isa = PBXFileReference; explicitFileType = wrapper.application; includeInIndex = 0; path = TinkoffExpress.app; sourceTree = BUILT_PRODUCTS_DIR; };
		3E324B477F9FFDD8C719D73D /* Pods_TinkoffExpress.framework */ = {isa = PBXFileReference; explicitFileType = wrapper.framework; includeInIndex = 0; path = Pods_TinkoffExpress.framework; sourceTree = BUILT_PRODUCTS_DIR; };
		43E10B9F29D300FF003B0EC2 /* AppCoordinator.swift */ = {isa = PBXFileReference; lastKnownFileType = sourcecode.swift; path = AppCoordinator.swift; sourceTree = "<group>"; };
		43E10BA229D30110003B0EC2 /* AbstractCoordinator.swift */ = {isa = PBXFileReference; lastKnownFileType = sourcecode.swift; path = AbstractCoordinator.swift; sourceTree = "<group>"; };
		43E10BA529D30122003B0EC2 /* RootCoordinator.swift */ = {isa = PBXFileReference; lastKnownFileType = sourcecode.swift; path = RootCoordinator.swift; sourceTree = "<group>"; };
		43E10BA729D301DC003B0EC2 /* DependencyFactory.swift */ = {isa = PBXFileReference; lastKnownFileType = sourcecode.swift; path = DependencyFactory.swift; sourceTree = "<group>"; };
		43E10BA929D301F4003B0EC2 /* Module.swift */ = {isa = PBXFileReference; lastKnownFileType = sourcecode.swift; path = Module.swift; sourceTree = "<group>"; };
		43E10BB129D3033A003B0EC2 /* CartModule.swift */ = {isa = PBXFileReference; lastKnownFileType = sourcecode.swift; path = CartModule.swift; sourceTree = "<group>"; };
		43E10BB329D30359003B0EC2 /* Cart.swift */ = {isa = PBXFileReference; lastKnownFileType = sourcecode.swift; path = Cart.swift; sourceTree = "<group>"; };
		43E10BB529D3039E003B0EC2 /* CartViewController.swift */ = {isa = PBXFileReference; lastKnownFileType = sourcecode.swift; path = CartViewController.swift; sourceTree = "<group>"; };
		43E10BB729D303B1003B0EC2 /* CartCell.swift */ = {isa = PBXFileReference; lastKnownFileType = sourcecode.swift; path = CartCell.swift; sourceTree = "<group>"; };
		43E10BB929D303C8003B0EC2 /* CartPresenter.swift */ = {isa = PBXFileReference; lastKnownFileType = sourcecode.swift; path = CartPresenter.swift; sourceTree = "<group>"; };
		43E10BBB29D303E5003B0EC2 /* CartService.swift */ = {isa = PBXFileReference; lastKnownFileType = sourcecode.swift; path = CartService.swift; sourceTree = "<group>"; };
		A03902622883B7CC64F5CF94 /* Pods-TinkoffExpress.release.xcconfig */ = {isa = PBXFileReference; includeInIndex = 1; lastKnownFileType = text.xcconfig; name = "Pods-TinkoffExpress.release.xcconfig"; path = "Target Support Files/Pods-TinkoffExpress/Pods-TinkoffExpress.release.xcconfig"; sourceTree = "<group>"; };
		A27094E78D315B8B1DEF6FB1 /* Pods-TinkoffExpress.debug.xcconfig */ = {isa = PBXFileReference; includeInIndex = 1; lastKnownFileType = text.xcconfig; name = "Pods-TinkoffExpress.debug.xcconfig"; path = "Target Support Files/Pods-TinkoffExpress/Pods-TinkoffExpress.debug.xcconfig"; sourceTree = "<group>"; };
/* End PBXFileReference section */

/* Begin PBXFrameworksBuildPhase section */
		29B3AEB229C37E73007C763D /* Frameworks */ = {
			isa = PBXFrameworksBuildPhase;
			buildActionMask = 2147483647;
			files = (
				7311FC193D287317414284BD /* Pods_TinkoffExpress.framework in Frameworks */,
			);
			runOnlyForDeploymentPostprocessing = 0;
		};
/* End PBXFrameworksBuildPhase section */

/* Begin PBXGroup section */
		29B3AEAC29C37E73007C763D = {
			isa = PBXGroup;
			children = (
				29B3AED129C38C3A007C763D /* TinkoffExpress.app */,
				29B3AECD29C388C0007C763D /* .swiftlint.yml */,
				29B3AEB729C37E73007C763D /* TinkoffExpress */,
				5E746E02A0EE7E044421EF3D /* Pods */,
				6038A1AEB29DBFABAF64BFFC /* Frameworks */,
			);
			sourceTree = "<group>";
		};
		29B3AEB729C37E73007C763D /* TinkoffExpress */ = {
			isa = PBXGroup;
			children = (
				43E10B9729D2FD8D003B0EC2 /* App */,
				43E10B9829D2FD9C003B0EC2 /* Config */,
				43E10B9929D2FDB1003B0EC2 /* Resources */,
				43E10B9C29D2FEE6003B0EC2 /* Factory */,
				43E10B9D29D30030003B0EC2 /* Flows */,
				43E10B9A29D2FDCD003B0EC2 /* Modules */,
			);
			path = TinkoffExpress;
			sourceTree = "<group>";
		};
		43E10B9729D2FD8D003B0EC2 /* App */ = {
			isa = PBXGroup;
			children = (
				29B3AEB829C37E73007C763D /* AppDelegate.swift */,
				29B3AEBA29C37E73007C763D /* SceneDelegate.swift */,
			);
			path = App;
			sourceTree = "<group>";
		};
		43E10B9829D2FD9C003B0EC2 /* Config */ = {
			isa = PBXGroup;
			children = (
				29B3AEC629C37E74007C763D /* Info.plist */,
			);
			path = Config;
			sourceTree = "<group>";
		};
		43E10B9929D2FDB1003B0EC2 /* Resources */ = {
			isa = PBXGroup;
			children = (
				29B3AEC129C37E74007C763D /* Assets.xcassets */,
			);
			path = Resources;
			sourceTree = "<group>";
		};
		43E10B9A29D2FDCD003B0EC2 /* Modules */ = {
			isa = PBXGroup;
			children = (
				43E10BAB29D302D8003B0EC2 /* Cart */,
			);
			path = Modules;
			sourceTree = "<group>";
		};
		43E10B9C29D2FEE6003B0EC2 /* Factory */ = {
			isa = PBXGroup;
			children = (
				43E10BA729D301DC003B0EC2 /* DependencyFactory.swift */,
				43E10BA929D301F4003B0EC2 /* Module.swift */,
			);
			path = Factory;
			sourceTree = "<group>";
		};
		43E10B9D29D30030003B0EC2 /* Flows */ = {
			isa = PBXGroup;
			children = (
				43E10B9E29D3003E003B0EC2 /* Coordinator */,
			);
			path = Flows;
			sourceTree = "<group>";
		};
		43E10B9E29D3003E003B0EC2 /* Coordinator */ = {
			isa = PBXGroup;
			children = (
				43E10B9F29D300FF003B0EC2 /* AppCoordinator.swift */,
				43E10BA229D30110003B0EC2 /* AbstractCoordinator.swift */,
				43E10BA529D30122003B0EC2 /* RootCoordinator.swift */,
			);
			path = Coordinator;
			sourceTree = "<group>";
		};
		43E10BAB29D302D8003B0EC2 /* Cart */ = {
			isa = PBXGroup;
			children = (
				43E10BB129D3033A003B0EC2 /* CartModule.swift */,
				43E10BAC29D302E4003B0EC2 /* Model */,
				43E10BAD29D302EB003B0EC2 /* View */,
				43E10BAE29D302F5003B0EC2 /* Presenter */,
				43E10BAF29D3031E003B0EC2 /* Service */,
			);
			path = Cart;
			sourceTree = "<group>";
		};
		43E10BAC29D302E4003B0EC2 /* Model */ = {
			isa = PBXGroup;
			children = (
				43E10BB329D30359003B0EC2 /* Cart.swift */,
			);
			path = Model;
			sourceTree = "<group>";
		};
		43E10BAD29D302EB003B0EC2 /* View */ = {
			isa = PBXGroup;
			children = (
				43E10BB529D3039E003B0EC2 /* CartViewController.swift */,
				43E10BB729D303B1003B0EC2 /* CartCell.swift */,
			);
			path = View;
			sourceTree = "<group>";
		};
		43E10BAE29D302F5003B0EC2 /* Presenter */ = {
			isa = PBXGroup;
			children = (
				43E10BB929D303C8003B0EC2 /* CartPresenter.swift */,
			);
			path = Presenter;
			sourceTree = "<group>";
		};
		43E10BAF29D3031E003B0EC2 /* Service */ = {
			isa = PBXGroup;
			children = (
				43E10BBB29D303E5003B0EC2 /* CartService.swift */,
			);
			path = Service;
			sourceTree = "<group>";
		};
		5E746E02A0EE7E044421EF3D /* Pods */ = {
			isa = PBXGroup;
			children = (
				A27094E78D315B8B1DEF6FB1 /* Pods-TinkoffExpress.debug.xcconfig */,
				A03902622883B7CC64F5CF94 /* Pods-TinkoffExpress.release.xcconfig */,
			);
			path = Pods;
			sourceTree = "<group>";
		};
		6038A1AEB29DBFABAF64BFFC /* Frameworks */ = {
			isa = PBXGroup;
			children = (
				3E324B477F9FFDD8C719D73D /* Pods_TinkoffExpress.framework */,
			);
			name = Frameworks;
			sourceTree = "<group>";
		};
/* End PBXGroup section */

/* Begin PBXNativeTarget section */
		29B3AEB429C37E73007C763D /* TinkoffExpress */ = {
			isa = PBXNativeTarget;
			buildConfigurationList = 29B3AEC929C37E74007C763D /* Build configuration list for PBXNativeTarget "TinkoffExpress" */;
			buildPhases = (
				C90D121D53AA32BD554E088A /* [CP] Check Pods Manifest.lock */,
				29B3AECC29C38824007C763D /* SwiftLint */,
				29B3AEB129C37E73007C763D /* Sources */,
				29B3AEB229C37E73007C763D /* Frameworks */,
				29B3AEB329C37E73007C763D /* Resources */,
				8C8B5386CA8C5FF46CA09306 /* [CP] Embed Pods Frameworks */,
			);
			buildRules = (
			);
			dependencies = (
			);
			name = TinkoffExpress;
			productName = TinkoffExpress;
			productReference = 29B3AED129C38C3A007C763D /* TinkoffExpress.app */;
			productType = "com.apple.product-type.application";
		};
/* End PBXNativeTarget section */

/* Begin PBXProject section */
		29B3AEAD29C37E73007C763D /* Project object */ = {
			isa = PBXProject;
			attributes = {
				BuildIndependentTargetsInParallel = 1;
				LastSwiftUpdateCheck = 1420;
				LastUpgradeCheck = 1420;
				TargetAttributes = {
					29B3AEB429C37E73007C763D = {
						CreatedOnToolsVersion = 14.2;
					};
				};
			};
			buildConfigurationList = 29B3AEB029C37E73007C763D /* Build configuration list for PBXProject "TinkoffExpress" */;
			compatibilityVersion = "Xcode 14.0";
			developmentRegion = en;
			hasScannedForEncodings = 0;
			knownRegions = (
				en,
				Base,
			);
			mainGroup = 29B3AEAC29C37E73007C763D;
			productRefGroup = 29B3AEAC29C37E73007C763D;
			projectDirPath = "";
			projectRoot = "";
			targets = (
				29B3AEB429C37E73007C763D /* TinkoffExpress */,
			);
		};
/* End PBXProject section */

/* Begin PBXResourcesBuildPhase section */
		29B3AEB329C37E73007C763D /* Resources */ = {
			isa = PBXResourcesBuildPhase;
			buildActionMask = 2147483647;
			files = (
				29B3AECE29C388C0007C763D /* .swiftlint.yml in Resources */,
				29B3AEC229C37E74007C763D /* Assets.xcassets in Resources */,
			);
			runOnlyForDeploymentPostprocessing = 0;
		};
/* End PBXResourcesBuildPhase section */

/* Begin PBXShellScriptBuildPhase section */
		29B3AECC29C38824007C763D /* SwiftLint */ = {
			isa = PBXShellScriptBuildPhase;
			buildActionMask = 2147483647;
			files = (
			);
			inputFileListPaths = (
			);
			inputPaths = (
			);
			name = SwiftLint;
			outputFileListPaths = (
			);
			outputPaths = (
			);
			runOnlyForDeploymentPostprocessing = 0;
			shellPath = /bin/sh;
			shellScript = "${PODS_ROOT}/SwiftLint/swiftlint\n";
		};
		8C8B5386CA8C5FF46CA09306 /* [CP] Embed Pods Frameworks */ = {
			isa = PBXShellScriptBuildPhase;
			buildActionMask = 2147483647;
			files = (
			);
			inputFileListPaths = (
				"${PODS_ROOT}/Target Support Files/Pods-TinkoffExpress/Pods-TinkoffExpress-frameworks-${CONFIGURATION}-input-files.xcfilelist",
			);
			name = "[CP] Embed Pods Frameworks";
			outputFileListPaths = (
				"${PODS_ROOT}/Target Support Files/Pods-TinkoffExpress/Pods-TinkoffExpress-frameworks-${CONFIGURATION}-output-files.xcfilelist",
			);
			runOnlyForDeploymentPostprocessing = 0;
			shellPath = /bin/sh;
			shellScript = "\"${PODS_ROOT}/Target Support Files/Pods-TinkoffExpress/Pods-TinkoffExpress-frameworks.sh\"\n";
			showEnvVarsInLog = 0;
		};
		C90D121D53AA32BD554E088A /* [CP] Check Pods Manifest.lock */ = {
			isa = PBXShellScriptBuildPhase;
			buildActionMask = 2147483647;
			files = (
			);
			inputFileListPaths = (
			);
			inputPaths = (
				"${PODS_PODFILE_DIR_PATH}/Podfile.lock",
				"${PODS_ROOT}/Manifest.lock",
			);
			name = "[CP] Check Pods Manifest.lock";
			outputFileListPaths = (
			);
			outputPaths = (
				"$(DERIVED_FILE_DIR)/Pods-TinkoffExpress-checkManifestLockResult.txt",
			);
			runOnlyForDeploymentPostprocessing = 0;
			shellPath = /bin/sh;
			shellScript = "diff \"${PODS_PODFILE_DIR_PATH}/Podfile.lock\" \"${PODS_ROOT}/Manifest.lock\" > /dev/null\nif [ $? != 0 ] ; then\n    # print error to STDERR\n    echo \"error: The sandbox is not in sync with the Podfile.lock. Run 'pod install' or update your CocoaPods installation.\" >&2\n    exit 1\nfi\n# This output is used by Xcode 'outputs' to avoid re-running this script phase.\necho \"SUCCESS\" > \"${SCRIPT_OUTPUT_FILE_0}\"\n";
			showEnvVarsInLog = 0;
		};
/* End PBXShellScriptBuildPhase section */

/* Begin PBXSourcesBuildPhase section */
		29B3AEB129C37E73007C763D /* Sources */ = {
			isa = PBXSourcesBuildPhase;
			buildActionMask = 2147483647;
			files = (
				43E10BA329D30110003B0EC2 /* AbstractCoordinator.swift in Sources */,
				43E10BB429D30359003B0EC2 /* Cart.swift in Sources */,
				43E10BB629D3039E003B0EC2 /* CartViewController.swift in Sources */,
				43E10BA829D301DC003B0EC2 /* DependencyFactory.swift in Sources */,
				43E10BBC29D303E5003B0EC2 /* CartService.swift in Sources */,
				43E10BB829D303B1003B0EC2 /* CartCell.swift in Sources */,
				43E10BA029D300FF003B0EC2 /* AppCoordinator.swift in Sources */,
				43E10BB229D3033A003B0EC2 /* CartModule.swift in Sources */,
				43E10BA629D30122003B0EC2 /* RootCoordinator.swift in Sources */,
				43E10BBA29D303C8003B0EC2 /* CartPresenter.swift in Sources */,
				43E10BAA29D301F4003B0EC2 /* Module.swift in Sources */,
				29B3AEB929C37E73007C763D /* AppDelegate.swift in Sources */,
				29B3AEBB29C37E73007C763D /* SceneDelegate.swift in Sources */,
			);
			runOnlyForDeploymentPostprocessing = 0;
		};
/* End PBXSourcesBuildPhase section */

/* Begin XCBuildConfiguration section */
		29B3AEC729C37E74007C763D /* Debug */ = {
			isa = XCBuildConfiguration;
			buildSettings = {
				ALWAYS_SEARCH_USER_PATHS = NO;
				CLANG_ANALYZER_NONNULL = YES;
				CLANG_ANALYZER_NUMBER_OBJECT_CONVERSION = YES_AGGRESSIVE;
				CLANG_CXX_LANGUAGE_STANDARD = "gnu++20";
				CLANG_ENABLE_MODULES = YES;
				CLANG_ENABLE_OBJC_ARC = YES;
				CLANG_ENABLE_OBJC_WEAK = YES;
				CLANG_WARN_BLOCK_CAPTURE_AUTORELEASING = YES;
				CLANG_WARN_BOOL_CONVERSION = YES;
				CLANG_WARN_COMMA = YES;
				CLANG_WARN_CONSTANT_CONVERSION = YES;
				CLANG_WARN_DEPRECATED_OBJC_IMPLEMENTATIONS = YES;
				CLANG_WARN_DIRECT_OBJC_ISA_USAGE = YES_ERROR;
				CLANG_WARN_DOCUMENTATION_COMMENTS = YES;
				CLANG_WARN_EMPTY_BODY = YES;
				CLANG_WARN_ENUM_CONVERSION = YES;
				CLANG_WARN_INFINITE_RECURSION = YES;
				CLANG_WARN_INT_CONVERSION = YES;
				CLANG_WARN_NON_LITERAL_NULL_CONVERSION = YES;
				CLANG_WARN_OBJC_IMPLICIT_RETAIN_SELF = YES;
				CLANG_WARN_OBJC_LITERAL_CONVERSION = YES;
				CLANG_WARN_OBJC_ROOT_CLASS = YES_ERROR;
				CLANG_WARN_QUOTED_INCLUDE_IN_FRAMEWORK_HEADER = YES;
				CLANG_WARN_RANGE_LOOP_ANALYSIS = YES;
				CLANG_WARN_STRICT_PROTOTYPES = YES;
				CLANG_WARN_SUSPICIOUS_MOVE = YES;
				CLANG_WARN_UNGUARDED_AVAILABILITY = YES_AGGRESSIVE;
				CLANG_WARN_UNREACHABLE_CODE = YES;
				CLANG_WARN__DUPLICATE_METHOD_MATCH = YES;
				COPY_PHASE_STRIP = NO;
				DEBUG_INFORMATION_FORMAT = dwarf;
				ENABLE_STRICT_OBJC_MSGSEND = YES;
				ENABLE_TESTABILITY = YES;
				GCC_C_LANGUAGE_STANDARD = gnu11;
				GCC_DYNAMIC_NO_PIC = NO;
				GCC_NO_COMMON_BLOCKS = YES;
				GCC_OPTIMIZATION_LEVEL = 0;
				GCC_PREPROCESSOR_DEFINITIONS = (
					"DEBUG=1",
					"$(inherited)",
				);
				GCC_WARN_64_TO_32_BIT_CONVERSION = YES;
				GCC_WARN_ABOUT_RETURN_TYPE = YES_ERROR;
				GCC_WARN_UNDECLARED_SELECTOR = YES;
				GCC_WARN_UNINITIALIZED_AUTOS = YES_AGGRESSIVE;
				GCC_WARN_UNUSED_FUNCTION = YES;
				GCC_WARN_UNUSED_VARIABLE = YES;
				IPHONEOS_DEPLOYMENT_TARGET = 14.0;
				MTL_ENABLE_DEBUG_INFO = INCLUDE_SOURCE;
				MTL_FAST_MATH = YES;
				ONLY_ACTIVE_ARCH = YES;
				SDKROOT = iphoneos;
				SWIFT_ACTIVE_COMPILATION_CONDITIONS = DEBUG;
				SWIFT_OPTIMIZATION_LEVEL = "-Onone";
			};
			name = Debug;
		};
		29B3AEC829C37E74007C763D /* Release */ = {
			isa = XCBuildConfiguration;
			buildSettings = {
				ALWAYS_SEARCH_USER_PATHS = NO;
				CLANG_ANALYZER_NONNULL = YES;
				CLANG_ANALYZER_NUMBER_OBJECT_CONVERSION = YES_AGGRESSIVE;
				CLANG_CXX_LANGUAGE_STANDARD = "gnu++20";
				CLANG_ENABLE_MODULES = YES;
				CLANG_ENABLE_OBJC_ARC = YES;
				CLANG_ENABLE_OBJC_WEAK = YES;
				CLANG_WARN_BLOCK_CAPTURE_AUTORELEASING = YES;
				CLANG_WARN_BOOL_CONVERSION = YES;
				CLANG_WARN_COMMA = YES;
				CLANG_WARN_CONSTANT_CONVERSION = YES;
				CLANG_WARN_DEPRECATED_OBJC_IMPLEMENTATIONS = YES;
				CLANG_WARN_DIRECT_OBJC_ISA_USAGE = YES_ERROR;
				CLANG_WARN_DOCUMENTATION_COMMENTS = YES;
				CLANG_WARN_EMPTY_BODY = YES;
				CLANG_WARN_ENUM_CONVERSION = YES;
				CLANG_WARN_INFINITE_RECURSION = YES;
				CLANG_WARN_INT_CONVERSION = YES;
				CLANG_WARN_NON_LITERAL_NULL_CONVERSION = YES;
				CLANG_WARN_OBJC_IMPLICIT_RETAIN_SELF = YES;
				CLANG_WARN_OBJC_LITERAL_CONVERSION = YES;
				CLANG_WARN_OBJC_ROOT_CLASS = YES_ERROR;
				CLANG_WARN_QUOTED_INCLUDE_IN_FRAMEWORK_HEADER = YES;
				CLANG_WARN_RANGE_LOOP_ANALYSIS = YES;
				CLANG_WARN_STRICT_PROTOTYPES = YES;
				CLANG_WARN_SUSPICIOUS_MOVE = YES;
				CLANG_WARN_UNGUARDED_AVAILABILITY = YES_AGGRESSIVE;
				CLANG_WARN_UNREACHABLE_CODE = YES;
				CLANG_WARN__DUPLICATE_METHOD_MATCH = YES;
				COPY_PHASE_STRIP = NO;
				DEBUG_INFORMATION_FORMAT = "dwarf-with-dsym";
				ENABLE_NS_ASSERTIONS = NO;
				ENABLE_STRICT_OBJC_MSGSEND = YES;
				GCC_C_LANGUAGE_STANDARD = gnu11;
				GCC_NO_COMMON_BLOCKS = YES;
				GCC_WARN_64_TO_32_BIT_CONVERSION = YES;
				GCC_WARN_ABOUT_RETURN_TYPE = YES_ERROR;
				GCC_WARN_UNDECLARED_SELECTOR = YES;
				GCC_WARN_UNINITIALIZED_AUTOS = YES_AGGRESSIVE;
				GCC_WARN_UNUSED_FUNCTION = YES;
				GCC_WARN_UNUSED_VARIABLE = YES;
				IPHONEOS_DEPLOYMENT_TARGET = 14.0;
				MTL_ENABLE_DEBUG_INFO = NO;
				MTL_FAST_MATH = YES;
				SDKROOT = iphoneos;
				SWIFT_COMPILATION_MODE = wholemodule;
				SWIFT_OPTIMIZATION_LEVEL = "-O";
				VALIDATE_PRODUCT = YES;
			};
			name = Release;
		};
		29B3AECA29C37E74007C763D /* Debug */ = {
			isa = XCBuildConfiguration;
			baseConfigurationReference = A27094E78D315B8B1DEF6FB1 /* Pods-TinkoffExpress.debug.xcconfig */;
			buildSettings = {
				ASSETCATALOG_COMPILER_APPICON_NAME = AppIcon;
				ASSETCATALOG_COMPILER_GLOBAL_ACCENT_COLOR_NAME = AccentColor;
				CODE_SIGN_STYLE = Automatic;
				CURRENT_PROJECT_VERSION = 1;
				DEVELOPMENT_TEAM = 72SVK4HY2X;
				GENERATE_INFOPLIST_FILE = YES;
				INFOPLIST_FILE = TinkoffExpress/Config/Info.plist;
				INFOPLIST_KEY_UIApplicationSupportsIndirectInputEvents = YES;
				INFOPLIST_KEY_UILaunchStoryboardName = LaunchScreen;
				INFOPLIST_KEY_UISupportedInterfaceOrientations_iPad = "UIInterfaceOrientationPortrait UIInterfaceOrientationPortraitUpsideDown UIInterfaceOrientationLandscapeLeft UIInterfaceOrientationLandscapeRight";
				INFOPLIST_KEY_UISupportedInterfaceOrientations_iPhone = "UIInterfaceOrientationPortrait UIInterfaceOrientationLandscapeLeft UIInterfaceOrientationLandscapeRight";
				IPHONEOS_DEPLOYMENT_TARGET = 14.0;
				LD_RUNPATH_SEARCH_PATHS = (
					"$(inherited)",
					"@executable_path/Frameworks",
				);
				MARKETING_VERSION = 1.0;
				PRODUCT_BUNDLE_IDENTIFIER = com.tinkoff.TinkoffExpress;
				PRODUCT_NAME = "$(TARGET_NAME)";
				SUPPORTED_PLATFORMS = "iphoneos iphonesimulator";
				SUPPORTS_MACCATALYST = NO;
				SUPPORTS_MAC_DESIGNED_FOR_IPHONE_IPAD = NO;
				SWIFT_EMIT_LOC_STRINGS = YES;
				SWIFT_VERSION = 5.0;
				TARGETED_DEVICE_FAMILY = 1;
			};
			name = Debug;
		};
		29B3AECB29C37E74007C763D /* Release */ = {
			isa = XCBuildConfiguration;
			baseConfigurationReference = A03902622883B7CC64F5CF94 /* Pods-TinkoffExpress.release.xcconfig */;
			buildSettings = {
				ASSETCATALOG_COMPILER_APPICON_NAME = AppIcon;
				ASSETCATALOG_COMPILER_GLOBAL_ACCENT_COLOR_NAME = AccentColor;
				CODE_SIGN_STYLE = Automatic;
				CURRENT_PROJECT_VERSION = 1;
				DEVELOPMENT_TEAM = 72SVK4HY2X;
				GENERATE_INFOPLIST_FILE = YES;
				INFOPLIST_FILE = TinkoffExpress/Config/Info.plist;
				INFOPLIST_KEY_UIApplicationSupportsIndirectInputEvents = YES;
				INFOPLIST_KEY_UILaunchStoryboardName = LaunchScreen;
				INFOPLIST_KEY_UISupportedInterfaceOrientations_iPad = "UIInterfaceOrientationPortrait UIInterfaceOrientationPortraitUpsideDown UIInterfaceOrientationLandscapeLeft UIInterfaceOrientationLandscapeRight";
				INFOPLIST_KEY_UISupportedInterfaceOrientations_iPhone = "UIInterfaceOrientationPortrait UIInterfaceOrientationLandscapeLeft UIInterfaceOrientationLandscapeRight";
				IPHONEOS_DEPLOYMENT_TARGET = 14.0;
				LD_RUNPATH_SEARCH_PATHS = (
					"$(inherited)",
					"@executable_path/Frameworks",
				);
				MARKETING_VERSION = 1.0;
				PRODUCT_BUNDLE_IDENTIFIER = com.tinkoff.TinkoffExpress;
				PRODUCT_NAME = "$(TARGET_NAME)";
				SUPPORTED_PLATFORMS = "iphoneos iphonesimulator";
				SUPPORTS_MACCATALYST = NO;
				SUPPORTS_MAC_DESIGNED_FOR_IPHONE_IPAD = NO;
				SWIFT_EMIT_LOC_STRINGS = YES;
				SWIFT_VERSION = 5.0;
				TARGETED_DEVICE_FAMILY = 1;
			};
			name = Release;
		};
/* End XCBuildConfiguration section */

/* Begin XCConfigurationList section */
		29B3AEB029C37E73007C763D /* Build configuration list for PBXProject "TinkoffExpress" */ = {
			isa = XCConfigurationList;
			buildConfigurations = (
				29B3AEC729C37E74007C763D /* Debug */,
				29B3AEC829C37E74007C763D /* Release */,
			);
			defaultConfigurationIsVisible = 0;
			defaultConfigurationName = Release;
		};
		29B3AEC929C37E74007C763D /* Build configuration list for PBXNativeTarget "TinkoffExpress" */ = {
			isa = XCConfigurationList;
			buildConfigurations = (
				29B3AECA29C37E74007C763D /* Debug */,
				29B3AECB29C37E74007C763D /* Release */,
			);
			defaultConfigurationIsVisible = 0;
			defaultConfigurationName = Release;
		};
/* End XCConfigurationList section */
	};
	rootObject = 29B3AEAD29C37E73007C763D /* Project object */;
}
