// !$*UTF8*$!
{
	archiveVersion = 1;
	classes = {
	};
	objectVersion = 56;
	objects = {

/* Begin PBXBuildFile section */
		2926F3D429D7099D00938AA1 /* OrderCheckoutCellType.swift in Sources */ = {isa = PBXBuildFile; fileRef = 2926F3D129D7099D00938AA1 /* OrderCheckoutCellType.swift */; };
		2926F3D529D7099D00938AA1 /* OrderCheckoutTableViewCell.swift in Sources */ = {isa = PBXBuildFile; fileRef = 2926F3D229D7099D00938AA1 /* OrderCheckoutTableViewCell.swift */; };
		2926F3D629D7099D00938AA1 /* OrderCheckoutViewController.swift in Sources */ = {isa = PBXBuildFile; fileRef = 2926F3D329D7099D00938AA1 /* OrderCheckoutViewController.swift */; };
		296CA91B29D9733C0048FE9D /* FinalDeliveryViewController.swift in Sources */ = {isa = PBXBuildFile; fileRef = 296CA91A29D9733C0048FE9D /* FinalDeliveryViewController.swift */; };
		296CA91E29D9743E0048FE9D /* FinalDeliveryTableViewCell.swift in Sources */ = {isa = PBXBuildFile; fileRef = 296CA91D29D9743E0048FE9D /* FinalDeliveryTableViewCell.swift */; };
		296CA92029D9748C0048FE9D /* FinalDeliveryCellType.swift in Sources */ = {isa = PBXBuildFile; fileRef = 296CA91F29D9748C0048FE9D /* FinalDeliveryCellType.swift */; };
		29B3AEB929C37E73007C763D /* AppDelegate.swift in Sources */ = {isa = PBXBuildFile; fileRef = 29B3AEB829C37E73007C763D /* AppDelegate.swift */; };
		29B3AEC229C37E74007C763D /* Assets.xcassets in Resources */ = {isa = PBXBuildFile; fileRef = 29B3AEC129C37E74007C763D /* Assets.xcassets */; };
		29B3AECE29C388C0007C763D /* .swiftlint.yml in Resources */ = {isa = PBXBuildFile; fileRef = 29B3AECD29C388C0007C763D /* .swiftlint.yml */; };
		43B7BC5729D89EDD00685763 /* Coordinator.swift in Sources */ = {isa = PBXBuildFile; fileRef = 43B7BC5629D89EDD00685763 /* Coordinator.swift */; };
		43B7BC5929D89EF000685763 /* TypeOfNaviation.swift in Sources */ = {isa = PBXBuildFile; fileRef = 43B7BC5829D89EF000685763 /* TypeOfNaviation.swift */; };
		43B7BC5B29D89F5600685763 /* Assembly.swift in Sources */ = {isa = PBXBuildFile; fileRef = 43B7BC5A29D89F5600685763 /* Assembly.swift */; };
		43D78F4329DAAA500044840D /* TEActivityIndicatorView.swift in Sources */ = {isa = PBXBuildFile; fileRef = 43D78F4229DAAA500044840D /* TEActivityIndicatorView.swift */; };
		43D78F8329DAAE800044840D /* DeliveryAssembly.swift in Sources */ = {isa = PBXBuildFile; fileRef = 43D78F6C29DAAE800044840D /* DeliveryAssembly.swift */; };
		43D78F8429DAAE800044840D /* DeliveryPresenter.swift in Sources */ = {isa = PBXBuildFile; fileRef = 43D78F6E29DAAE800044840D /* DeliveryPresenter.swift */; };
		43D78F8529DAAE800044840D /* Delivery.swift in Sources */ = {isa = PBXBuildFile; fileRef = 43D78F7029DAAE800044840D /* Delivery.swift */; };
		43D78F8629DAAE800044840D /* DeliveryCell.swift in Sources */ = {isa = PBXBuildFile; fileRef = 43D78F7229DAAE800044840D /* DeliveryCell.swift */; };
		43D78F8729DAAE800044840D /* DeliveryHeaderView.swift in Sources */ = {isa = PBXBuildFile; fileRef = 43D78F7329DAAE800044840D /* DeliveryHeaderView.swift */; };
		43D78F8829DAAE800044840D /* DeliveryViewController.swift in Sources */ = {isa = PBXBuildFile; fileRef = 43D78F7429DAAE800044840D /* DeliveryViewController.swift */; };
		43D78F8929DAAE800044840D /* DeliveryService.swift in Sources */ = {isa = PBXBuildFile; fileRef = 43D78F7629DAAE800044840D /* DeliveryService.swift */; };
		43D78F8A29DAAE800044840D /* CartAssembly.swift in Sources */ = {isa = PBXBuildFile; fileRef = 43D78F7929DAAE800044840D /* CartAssembly.swift */; };
		43D78F8B29DAAE800044840D /* CartPresenter.swift in Sources */ = {isa = PBXBuildFile; fileRef = 43D78F7B29DAAE800044840D /* CartPresenter.swift */; };
		43D78F8C29DAAE800044840D /* Cart.swift in Sources */ = {isa = PBXBuildFile; fileRef = 43D78F7D29DAAE800044840D /* Cart.swift */; };
		43D78F8D29DAAE800044840D /* CartViewController.swift in Sources */ = {isa = PBXBuildFile; fileRef = 43D78F7F29DAAE800044840D /* CartViewController.swift */; };
		43D78F8E29DAAE800044840D /* CartCell.swift in Sources */ = {isa = PBXBuildFile; fileRef = 43D78F8029DAAE800044840D /* CartCell.swift */; };
		43D78F8F29DAAE800044840D /* CartService.swift in Sources */ = {isa = PBXBuildFile; fileRef = 43D78F8229DAAE800044840D /* CartService.swift */; };
		43D78FBF29DAC5A10044840D /* MeetingAppointmentAssembly.swift in Sources */ = {isa = PBXBuildFile; fileRef = 43D78FBE29DAC5A10044840D /* MeetingAppointmentAssembly.swift */; };
		43D78FC129DAC5B30044840D /* MeetingAppointment.swift in Sources */ = {isa = PBXBuildFile; fileRef = 43D78FC029DAC5B30044840D /* MeetingAppointment.swift */; };
		43D78FC329DAC5E20044840D /* MeetingAppointmentViewController.swift in Sources */ = {isa = PBXBuildFile; fileRef = 43D78FC229DAC5E20044840D /* MeetingAppointmentViewController.swift */; };
		43D78FC529DAC5ED0044840D /* DateCell.swift in Sources */ = {isa = PBXBuildFile; fileRef = 43D78FC429DAC5ED0044840D /* DateCell.swift */; };
		43D78FC729DAC5F50044840D /* TimeCell.swift in Sources */ = {isa = PBXBuildFile; fileRef = 43D78FC629DAC5F50044840D /* TimeCell.swift */; };
		43D78FC929DAC6050044840D /* MeetingAppointmentPresenter.swift in Sources */ = {isa = PBXBuildFile; fileRef = 43D78FC829DAC6050044840D /* MeetingAppointmentPresenter.swift */; };
		43D78FCB29DAC6140044840D /* MeetingAppointmentService.swift in Sources */ = {isa = PBXBuildFile; fileRef = 43D78FCA29DAC6140044840D /* MeetingAppointmentService.swift */; };
		5792517B29D4308900BD5C28 /* SceneDelegate.swift in Sources */ = {isa = PBXBuildFile; fileRef = 5792517A29D4308900BD5C28 /* SceneDelegate.swift */; };
		5792519A29D4318A00BD5C28 /* UIView+Utils.swift in Sources */ = {isa = PBXBuildFile; fileRef = 5792517F29D4318A00BD5C28 /* UIView+Utils.swift */; };
		5792519B29D4318A00BD5C28 /* ShadowAvailable.swift in Sources */ = {isa = PBXBuildFile; fileRef = 5792518229D4318A00BD5C28 /* ShadowAvailable.swift */; };
		5792519C29D4318A00BD5C28 /* HSBAColor.swift in Sources */ = {isa = PBXBuildFile; fileRef = 5792518429D4318A00BD5C28 /* HSBAColor.swift */; };
		5792519D29D4318A00BD5C28 /* HSBAColor+UIColor.swift in Sources */ = {isa = PBXBuildFile; fileRef = 5792518529D4318A00BD5C28 /* HSBAColor+UIColor.swift */; };
		5792519E29D4318A00BD5C28 /* HighlightSettings.swift in Sources */ = {isa = PBXBuildFile; fileRef = 5792518629D4318A00BD5C28 /* HighlightSettings.swift */; };
		5792519F29D4318A00BD5C28 /* UIColor+Highlight.swift in Sources */ = {isa = PBXBuildFile; fileRef = 5792518729D4318A00BD5C28 /* UIColor+Highlight.swift */; };
		579251A029D4318A00BD5C28 /* HSBAColor+Highlight.swift in Sources */ = {isa = PBXBuildFile; fileRef = 5792518829D4318A00BD5C28 /* HSBAColor+Highlight.swift */; };
		579251A129D4318A00BD5C28 /* Theme.swift in Sources */ = {isa = PBXBuildFile; fileRef = 5792518929D4318A00BD5C28 /* Theme.swift */; };
		579251A229D4318A00BD5C28 /* Button+Configuration.swift in Sources */ = {isa = PBXBuildFile; fileRef = 5792518C29D4318A00BD5C28 /* Button+Configuration.swift */; };
		579251A329D4318A00BD5C28 /* Button.InteractiveColor+Extensions.swift in Sources */ = {isa = PBXBuildFile; fileRef = 5792518E29D4318A00BD5C28 /* Button.InteractiveColor+Extensions.swift */; };
		579251A429D4318A00BD5C28 /* Button.CornerStyle+Extensions.swift in Sources */ = {isa = PBXBuildFile; fileRef = 5792518F29D4318A00BD5C28 /* Button.CornerStyle+Extensions.swift */; };
		579251A529D4318A00BD5C28 /* Button.Configuration+Extensions.swift in Sources */ = {isa = PBXBuildFile; fileRef = 5792519029D4318A00BD5C28 /* Button.Configuration+Extensions.swift */; };
		579251A629D4318A00BD5C28 /* Button+ContentSize.swift in Sources */ = {isa = PBXBuildFile; fileRef = 5792519129D4318A00BD5C28 /* Button+ContentSize.swift */; };
		579251A729D4318A00BD5C28 /* Button.Style+Extensions.swift in Sources */ = {isa = PBXBuildFile; fileRef = 5792519229D4318A00BD5C28 /* Button.Style+Extensions.swift */; };
		579251A829D4318A00BD5C28 /* Button.swift in Sources */ = {isa = PBXBuildFile; fileRef = 5792519329D4318A00BD5C28 /* Button.swift */; };
		579251A929D4318A00BD5C28 /* ActivityIndicatorView.swift in Sources */ = {isa = PBXBuildFile; fileRef = 5792519529D4318A00BD5C28 /* ActivityIndicatorView.swift */; };
		579251AA29D4318A00BD5C28 /* TEColors.swift in Sources */ = {isa = PBXBuildFile; fileRef = 5792519729D4318A00BD5C28 /* TEColors.swift */; };
		579251AB29D4318A00BD5C28 /* Extension+UIColor.swift in Sources */ = {isa = PBXBuildFile; fileRef = 5792519829D4318A00BD5C28 /* Extension+UIColor.swift */; };
		579251AC29D4318A00BD5C28 /* UIColor+Dynamic.swift in Sources */ = {isa = PBXBuildFile; fileRef = 5792519929D4318A00BD5C28 /* UIColor+Dynamic.swift */; };
		7311FC193D287317414284BD /* Pods_TinkoffExpress.framework in Frameworks */ = {isa = PBXBuildFile; fileRef = 3E324B477F9FFDD8C719D73D /* Pods_TinkoffExpress.framework */; };
/* End PBXBuildFile section */

/* Begin PBXFileReference section */
		2926F3D129D7099D00938AA1 /* OrderCheckoutCellType.swift */ = {isa = PBXFileReference; fileEncoding = 4; lastKnownFileType = sourcecode.swift; path = OrderCheckoutCellType.swift; sourceTree = "<group>"; };
		2926F3D229D7099D00938AA1 /* OrderCheckoutTableViewCell.swift */ = {isa = PBXFileReference; fileEncoding = 4; lastKnownFileType = sourcecode.swift; path = OrderCheckoutTableViewCell.swift; sourceTree = "<group>"; };
		2926F3D329D7099D00938AA1 /* OrderCheckoutViewController.swift */ = {isa = PBXFileReference; fileEncoding = 4; lastKnownFileType = sourcecode.swift; path = OrderCheckoutViewController.swift; sourceTree = "<group>"; };
		296CA91A29D9733C0048FE9D /* FinalDeliveryViewController.swift */ = {isa = PBXFileReference; lastKnownFileType = sourcecode.swift; path = FinalDeliveryViewController.swift; sourceTree = "<group>"; };
		296CA91D29D9743E0048FE9D /* FinalDeliveryTableViewCell.swift */ = {isa = PBXFileReference; lastKnownFileType = sourcecode.swift; path = FinalDeliveryTableViewCell.swift; sourceTree = "<group>"; };
		296CA91F29D9748C0048FE9D /* FinalDeliveryCellType.swift */ = {isa = PBXFileReference; lastKnownFileType = sourcecode.swift; path = FinalDeliveryCellType.swift; sourceTree = "<group>"; };
		29B3AEB829C37E73007C763D /* AppDelegate.swift */ = {isa = PBXFileReference; lastKnownFileType = sourcecode.swift; path = AppDelegate.swift; sourceTree = "<group>"; };
		29B3AEC129C37E74007C763D /* Assets.xcassets */ = {isa = PBXFileReference; lastKnownFileType = folder.assetcatalog; path = Assets.xcassets; sourceTree = "<group>"; };
		29B3AEC629C37E74007C763D /* Info.plist */ = {isa = PBXFileReference; lastKnownFileType = text.plist.xml; path = Info.plist; sourceTree = "<group>"; };
		29B3AECD29C388C0007C763D /* .swiftlint.yml */ = {isa = PBXFileReference; lastKnownFileType = text.yaml; path = .swiftlint.yml; sourceTree = "<group>"; };
		29B3AED129C38C3A007C763D /* TinkoffExpress.app */ = {isa = PBXFileReference; explicitFileType = wrapper.application; includeInIndex = 0; path = TinkoffExpress.app; sourceTree = BUILT_PRODUCTS_DIR; };
		3E324B477F9FFDD8C719D73D /* Pods_TinkoffExpress.framework */ = {isa = PBXFileReference; explicitFileType = wrapper.framework; includeInIndex = 0; path = Pods_TinkoffExpress.framework; sourceTree = BUILT_PRODUCTS_DIR; };
		43B7BC5629D89EDD00685763 /* Coordinator.swift */ = {isa = PBXFileReference; lastKnownFileType = sourcecode.swift; path = Coordinator.swift; sourceTree = "<group>"; };
		43B7BC5829D89EF000685763 /* TypeOfNaviation.swift */ = {isa = PBXFileReference; lastKnownFileType = sourcecode.swift; path = TypeOfNaviation.swift; sourceTree = "<group>"; };
		43B7BC5A29D89F5600685763 /* Assembly.swift */ = {isa = PBXFileReference; lastKnownFileType = sourcecode.swift; path = Assembly.swift; sourceTree = "<group>"; };
		43D78F4229DAAA500044840D /* TEActivityIndicatorView.swift */ = {isa = PBXFileReference; fileEncoding = 4; lastKnownFileType = sourcecode.swift; path = TEActivityIndicatorView.swift; sourceTree = "<group>"; };
		43D78F6C29DAAE800044840D /* DeliveryAssembly.swift */ = {isa = PBXFileReference; fileEncoding = 4; lastKnownFileType = sourcecode.swift; path = DeliveryAssembly.swift; sourceTree = "<group>"; };
		43D78F6E29DAAE800044840D /* DeliveryPresenter.swift */ = {isa = PBXFileReference; fileEncoding = 4; lastKnownFileType = sourcecode.swift; path = DeliveryPresenter.swift; sourceTree = "<group>"; };
		43D78F7029DAAE800044840D /* Delivery.swift */ = {isa = PBXFileReference; fileEncoding = 4; lastKnownFileType = sourcecode.swift; path = Delivery.swift; sourceTree = "<group>"; };
		43D78F7229DAAE800044840D /* DeliveryCell.swift */ = {isa = PBXFileReference; fileEncoding = 4; lastKnownFileType = sourcecode.swift; path = DeliveryCell.swift; sourceTree = "<group>"; };
		43D78F7329DAAE800044840D /* DeliveryHeaderView.swift */ = {isa = PBXFileReference; fileEncoding = 4; lastKnownFileType = sourcecode.swift; path = DeliveryHeaderView.swift; sourceTree = "<group>"; };
		43D78F7429DAAE800044840D /* DeliveryViewController.swift */ = {isa = PBXFileReference; fileEncoding = 4; lastKnownFileType = sourcecode.swift; path = DeliveryViewController.swift; sourceTree = "<group>"; };
		43D78F7629DAAE800044840D /* DeliveryService.swift */ = {isa = PBXFileReference; fileEncoding = 4; lastKnownFileType = sourcecode.swift; path = DeliveryService.swift; sourceTree = "<group>"; };
		43D78F7929DAAE800044840D /* CartAssembly.swift */ = {isa = PBXFileReference; fileEncoding = 4; lastKnownFileType = sourcecode.swift; path = CartAssembly.swift; sourceTree = "<group>"; };
		43D78F7B29DAAE800044840D /* CartPresenter.swift */ = {isa = PBXFileReference; fileEncoding = 4; lastKnownFileType = sourcecode.swift; path = CartPresenter.swift; sourceTree = "<group>"; };
		43D78F7D29DAAE800044840D /* Cart.swift */ = {isa = PBXFileReference; fileEncoding = 4; lastKnownFileType = sourcecode.swift; path = Cart.swift; sourceTree = "<group>"; };
		43D78F7F29DAAE800044840D /* CartViewController.swift */ = {isa = PBXFileReference; fileEncoding = 4; lastKnownFileType = sourcecode.swift; path = CartViewController.swift; sourceTree = "<group>"; };
		43D78F8029DAAE800044840D /* CartCell.swift */ = {isa = PBXFileReference; fileEncoding = 4; lastKnownFileType = sourcecode.swift; path = CartCell.swift; sourceTree = "<group>"; };
		43D78F8229DAAE800044840D /* CartService.swift */ = {isa = PBXFileReference; fileEncoding = 4; lastKnownFileType = sourcecode.swift; path = CartService.swift; sourceTree = "<group>"; };
		43D78FBE29DAC5A10044840D /* MeetingAppointmentAssembly.swift */ = {isa = PBXFileReference; lastKnownFileType = sourcecode.swift; path = MeetingAppointmentAssembly.swift; sourceTree = "<group>"; };
		43D78FC029DAC5B30044840D /* MeetingAppointment.swift */ = {isa = PBXFileReference; lastKnownFileType = sourcecode.swift; path = MeetingAppointment.swift; sourceTree = "<group>"; };
		43D78FC229DAC5E20044840D /* MeetingAppointmentViewController.swift */ = {isa = PBXFileReference; lastKnownFileType = sourcecode.swift; path = MeetingAppointmentViewController.swift; sourceTree = "<group>"; };
		43D78FC429DAC5ED0044840D /* DateCell.swift */ = {isa = PBXFileReference; lastKnownFileType = sourcecode.swift; path = DateCell.swift; sourceTree = "<group>"; };
		43D78FC629DAC5F50044840D /* TimeCell.swift */ = {isa = PBXFileReference; lastKnownFileType = sourcecode.swift; path = TimeCell.swift; sourceTree = "<group>"; };
		43D78FC829DAC6050044840D /* MeetingAppointmentPresenter.swift */ = {isa = PBXFileReference; lastKnownFileType = sourcecode.swift; path = MeetingAppointmentPresenter.swift; sourceTree = "<group>"; };
		43D78FCA29DAC6140044840D /* MeetingAppointmentService.swift */ = {isa = PBXFileReference; lastKnownFileType = sourcecode.swift; path = MeetingAppointmentService.swift; sourceTree = "<group>"; };
		5792517A29D4308900BD5C28 /* SceneDelegate.swift */ = {isa = PBXFileReference; lastKnownFileType = sourcecode.swift; path = SceneDelegate.swift; sourceTree = "<group>"; };
		5792517F29D4318A00BD5C28 /* UIView+Utils.swift */ = {isa = PBXFileReference; fileEncoding = 4; lastKnownFileType = sourcecode.swift; path = "UIView+Utils.swift"; sourceTree = "<group>"; };
		5792518229D4318A00BD5C28 /* ShadowAvailable.swift */ = {isa = PBXFileReference; fileEncoding = 4; lastKnownFileType = sourcecode.swift; path = ShadowAvailable.swift; sourceTree = "<group>"; };
		5792518429D4318A00BD5C28 /* HSBAColor.swift */ = {isa = PBXFileReference; fileEncoding = 4; lastKnownFileType = sourcecode.swift; path = HSBAColor.swift; sourceTree = "<group>"; };
		5792518529D4318A00BD5C28 /* HSBAColor+UIColor.swift */ = {isa = PBXFileReference; fileEncoding = 4; lastKnownFileType = sourcecode.swift; path = "HSBAColor+UIColor.swift"; sourceTree = "<group>"; };
		5792518629D4318A00BD5C28 /* HighlightSettings.swift */ = {isa = PBXFileReference; fileEncoding = 4; lastKnownFileType = sourcecode.swift; path = HighlightSettings.swift; sourceTree = "<group>"; };
		5792518729D4318A00BD5C28 /* UIColor+Highlight.swift */ = {isa = PBXFileReference; fileEncoding = 4; lastKnownFileType = sourcecode.swift; path = "UIColor+Highlight.swift"; sourceTree = "<group>"; };
		5792518829D4318A00BD5C28 /* HSBAColor+Highlight.swift */ = {isa = PBXFileReference; fileEncoding = 4; lastKnownFileType = sourcecode.swift; path = "HSBAColor+Highlight.swift"; sourceTree = "<group>"; };
		5792518929D4318A00BD5C28 /* Theme.swift */ = {isa = PBXFileReference; fileEncoding = 4; lastKnownFileType = sourcecode.swift; path = Theme.swift; sourceTree = "<group>"; };
		5792518C29D4318A00BD5C28 /* Button+Configuration.swift */ = {isa = PBXFileReference; fileEncoding = 4; lastKnownFileType = sourcecode.swift; path = "Button+Configuration.swift"; sourceTree = "<group>"; };
		5792518E29D4318A00BD5C28 /* Button.InteractiveColor+Extensions.swift */ = {isa = PBXFileReference; fileEncoding = 4; lastKnownFileType = sourcecode.swift; path = "Button.InteractiveColor+Extensions.swift"; sourceTree = "<group>"; };
		5792518F29D4318A00BD5C28 /* Button.CornerStyle+Extensions.swift */ = {isa = PBXFileReference; fileEncoding = 4; lastKnownFileType = sourcecode.swift; path = "Button.CornerStyle+Extensions.swift"; sourceTree = "<group>"; };
		5792519029D4318A00BD5C28 /* Button.Configuration+Extensions.swift */ = {isa = PBXFileReference; fileEncoding = 4; lastKnownFileType = sourcecode.swift; path = "Button.Configuration+Extensions.swift"; sourceTree = "<group>"; };
		5792519129D4318A00BD5C28 /* Button+ContentSize.swift */ = {isa = PBXFileReference; fileEncoding = 4; lastKnownFileType = sourcecode.swift; path = "Button+ContentSize.swift"; sourceTree = "<group>"; };
		5792519229D4318A00BD5C28 /* Button.Style+Extensions.swift */ = {isa = PBXFileReference; fileEncoding = 4; lastKnownFileType = sourcecode.swift; path = "Button.Style+Extensions.swift"; sourceTree = "<group>"; };
		5792519329D4318A00BD5C28 /* Button.swift */ = {isa = PBXFileReference; fileEncoding = 4; lastKnownFileType = sourcecode.swift; path = Button.swift; sourceTree = "<group>"; };
		5792519529D4318A00BD5C28 /* ActivityIndicatorView.swift */ = {isa = PBXFileReference; fileEncoding = 4; lastKnownFileType = sourcecode.swift; path = ActivityIndicatorView.swift; sourceTree = "<group>"; };
		5792519729D4318A00BD5C28 /* TEColors.swift */ = {isa = PBXFileReference; fileEncoding = 4; lastKnownFileType = sourcecode.swift; path = TEColors.swift; sourceTree = "<group>"; };
		5792519829D4318A00BD5C28 /* Extension+UIColor.swift */ = {isa = PBXFileReference; fileEncoding = 4; lastKnownFileType = sourcecode.swift; path = "Extension+UIColor.swift"; sourceTree = "<group>"; };
		5792519929D4318A00BD5C28 /* UIColor+Dynamic.swift */ = {isa = PBXFileReference; fileEncoding = 4; lastKnownFileType = sourcecode.swift; path = "UIColor+Dynamic.swift"; sourceTree = "<group>"; };
		A03902622883B7CC64F5CF94 /* Pods-TinkoffExpress.release.xcconfig */ = {isa = PBXFileReference; includeInIndex = 1; lastKnownFileType = text.xcconfig; name = "Pods-TinkoffExpress.release.xcconfig"; path = "Target Support Files/Pods-TinkoffExpress/Pods-TinkoffExpress.release.xcconfig"; sourceTree = "<group>"; };
		A27094E78D315B8B1DEF6FB1 /* Pods-TinkoffExpress.debug.xcconfig */ = {isa = PBXFileReference; includeInIndex = 1; lastKnownFileType = text.xcconfig; name = "Pods-TinkoffExpress.debug.xcconfig"; path = "Target Support Files/Pods-TinkoffExpress/Pods-TinkoffExpress.debug.xcconfig"; sourceTree = "<group>"; };
/* End PBXFileReference section */

/* Begin PBXFrameworksBuildPhase section */
		29B3AEB229C37E73007C763D /* Frameworks */ = {
			isa = PBXFrameworksBuildPhase;
			buildActionMask = 2147483647;
			files = (
				7311FC193D287317414284BD /* Pods_TinkoffExpress.framework in Frameworks */,
			);
			runOnlyForDeploymentPostprocessing = 0;
		};
/* End PBXFrameworksBuildPhase section */

/* Begin PBXGroup section */
		2926F3CF29D7099D00938AA1 /* OrderCheckout */ = {
			isa = PBXGroup;
			children = (
				2926F3D829D70C3D00938AA1 /* View */,
			);
			path = OrderCheckout;
			sourceTree = "<group>";
		};
		2926F3D029D7099D00938AA1 /* OrderCheckoutCell */ = {
			isa = PBXGroup;
			children = (
				2926F3D129D7099D00938AA1 /* OrderCheckoutCellType.swift */,
				2926F3D229D7099D00938AA1 /* OrderCheckoutTableViewCell.swift */,
			);
			path = OrderCheckoutCell;
			sourceTree = "<group>";
		};
		2926F3D829D70C3D00938AA1 /* View */ = {
			isa = PBXGroup;
			children = (
				2926F3D329D7099D00938AA1 /* OrderCheckoutViewController.swift */,
				2926F3D029D7099D00938AA1 /* OrderCheckoutCell */,
			);
			path = View;
			sourceTree = "<group>";
		};
		296CA91829D973060048FE9D /* FinalDelivery */ = {
			isa = PBXGroup;
			children = (
				296CA91929D973220048FE9D /* View */,
			);
			path = FinalDelivery;
			sourceTree = "<group>";
		};
		296CA91929D973220048FE9D /* View */ = {
			isa = PBXGroup;
			children = (
				296CA91C29D974120048FE9D /* FinelDeliveryCell */,
				296CA91A29D9733C0048FE9D /* FinalDeliveryViewController.swift */,
			);
			path = View;
			sourceTree = "<group>";
		};
		296CA91C29D974120048FE9D /* FinelDeliveryCell */ = {
			isa = PBXGroup;
			children = (
				296CA91D29D9743E0048FE9D /* FinalDeliveryTableViewCell.swift */,
				296CA91F29D9748C0048FE9D /* FinalDeliveryCellType.swift */,
			);
			path = FinelDeliveryCell;
			sourceTree = "<group>";
		};
		29B3AEAC29C37E73007C763D = {
			isa = PBXGroup;
			children = (
				29B3AED129C38C3A007C763D /* TinkoffExpress.app */,
				29B3AECD29C388C0007C763D /* .swiftlint.yml */,
				29B3AEB729C37E73007C763D /* TinkoffExpress */,
				5E746E02A0EE7E044421EF3D /* Pods */,
				6038A1AEB29DBFABAF64BFFC /* Frameworks */,
			);
			sourceTree = "<group>";
		};
		29B3AEB729C37E73007C763D /* TinkoffExpress */ = {
			isa = PBXGroup;
			children = (
				43E10B9729D2FD8D003B0EC2 /* App */,
				43E10B9829D2FD9C003B0EC2 /* Config */,
				43E10B9929D2FDB1003B0EC2 /* Resources */,
				43B7BC5C29D89F5C00685763 /* Assembly */,
				43E10B9D29D30030003B0EC2 /* Flows */,
				43E10B9A29D2FDCD003B0EC2 /* Modules */,
				5792517C29D4318A00BD5C28 /* CommonUI */,
			);
			path = TinkoffExpress;
			sourceTree = "<group>";
		};
		43B7BC5C29D89F5C00685763 /* Assembly */ = {
			isa = PBXGroup;
			children = (
				43B7BC5A29D89F5600685763 /* Assembly.swift */,
			);
			path = Assembly;
			sourceTree = "<group>";
		};
		43D78F4129DAAA500044840D /* TEActivityIndicator */ = {
			isa = PBXGroup;
			children = (
				43D78F4229DAAA500044840D /* TEActivityIndicatorView.swift */,
			);
			path = TEActivityIndicator;
			sourceTree = "<group>";
		};
		43D78F6A29DAAE800044840D /* Delivery */ = {
			isa = PBXGroup;
			children = (
				43D78F6B29DAAE800044840D /* Assembly */,
				43D78F6D29DAAE800044840D /* Presenter */,
				43D78F6F29DAAE800044840D /* Model */,
				43D78F7129DAAE800044840D /* View */,
				43D78F7529DAAE800044840D /* Service */,
			);
			path = Delivery;
			sourceTree = "<group>";
		};
		43D78F6B29DAAE800044840D /* Assembly */ = {
			isa = PBXGroup;
			children = (
				43D78F6C29DAAE800044840D /* DeliveryAssembly.swift */,
			);
			path = Assembly;
			sourceTree = "<group>";
		};
		43D78F6D29DAAE800044840D /* Presenter */ = {
			isa = PBXGroup;
			children = (
				43D78F6E29DAAE800044840D /* DeliveryPresenter.swift */,
			);
			path = Presenter;
			sourceTree = "<group>";
		};
		43D78F6F29DAAE800044840D /* Model */ = {
			isa = PBXGroup;
			children = (
				43D78F7029DAAE800044840D /* Delivery.swift */,
			);
			path = Model;
			sourceTree = "<group>";
		};
		43D78F7129DAAE800044840D /* View */ = {
			isa = PBXGroup;
			children = (
				43D78F7429DAAE800044840D /* DeliveryViewController.swift */,
				43D78F7229DAAE800044840D /* DeliveryCell.swift */,
				43D78F7329DAAE800044840D /* DeliveryHeaderView.swift */,
			);
			path = View;
			sourceTree = "<group>";
		};
		43D78F7529DAAE800044840D /* Service */ = {
			isa = PBXGroup;
			children = (
				43D78F7629DAAE800044840D /* DeliveryService.swift */,
			);
			path = Service;
			sourceTree = "<group>";
		};
		43D78F7729DAAE800044840D /* Cart */ = {
			isa = PBXGroup;
			children = (
				43D78F7829DAAE800044840D /* Assembly */,
				43D78F7A29DAAE800044840D /* Presenter */,
				43D78F7C29DAAE800044840D /* Model */,
				43D78F7E29DAAE800044840D /* View */,
				43D78F8129DAAE800044840D /* Service */,
			);
			path = Cart;
			sourceTree = "<group>";
		};
		43D78F7829DAAE800044840D /* Assembly */ = {
			isa = PBXGroup;
			children = (
				43D78F7929DAAE800044840D /* CartAssembly.swift */,
			);
			path = Assembly;
			sourceTree = "<group>";
		};
		43D78F7A29DAAE800044840D /* Presenter */ = {
			isa = PBXGroup;
			children = (
				43D78F7B29DAAE800044840D /* CartPresenter.swift */,
			);
			path = Presenter;
			sourceTree = "<group>";
		};
		43D78F7C29DAAE800044840D /* Model */ = {
			isa = PBXGroup;
			children = (
				43D78F7D29DAAE800044840D /* Cart.swift */,
			);
			path = Model;
			sourceTree = "<group>";
		};
		43D78F7E29DAAE800044840D /* View */ = {
			isa = PBXGroup;
			children = (
				43D78F7F29DAAE800044840D /* CartViewController.swift */,
				43D78F8029DAAE800044840D /* CartCell.swift */,
			);
			path = View;
			sourceTree = "<group>";
		};
		43D78F8129DAAE800044840D /* Service */ = {
			isa = PBXGroup;
			children = (
				43D78F8229DAAE800044840D /* CartService.swift */,
			);
			path = Service;
			sourceTree = "<group>";
		};
		43D78FB829DAC51B0044840D /* MeetingAppointment */ = {
			isa = PBXGroup;
			children = (
				43D78FBD29DAC5720044840D /* Assembly */,
				43D78FBC29DAC56B0044840D /* Model */,
				43D78FBB29DAC5620044840D /* View */,
				43D78FBA29DAC5460044840D /* Presenter */,
				43D78FB929DAC5420044840D /* Service */,
			);
			path = MeetingAppointment;
			sourceTree = "<group>";
		};
		43D78FB929DAC5420044840D /* Service */ = {
			isa = PBXGroup;
			children = (
				43D78FCA29DAC6140044840D /* MeetingAppointmentService.swift */,
			);
			path = Service;
			sourceTree = "<group>";
		};
		43D78FBA29DAC5460044840D /* Presenter */ = {
			isa = PBXGroup;
			children = (
				43D78FC829DAC6050044840D /* MeetingAppointmentPresenter.swift */,
			);
			path = Presenter;
			sourceTree = "<group>";
		};
		43D78FBB29DAC5620044840D /* View */ = {
			isa = PBXGroup;
			children = (
				43D78FC229DAC5E20044840D /* MeetingAppointmentViewController.swift */,
				43D78FC429DAC5ED0044840D /* DateCell.swift */,
				43D78FC629DAC5F50044840D /* TimeCell.swift */,
			);
			path = View;
			sourceTree = "<group>";
		};
		43D78FBC29DAC56B0044840D /* Model */ = {
			isa = PBXGroup;
			children = (
				43D78FC029DAC5B30044840D /* MeetingAppointment.swift */,
			);
			path = Model;
			sourceTree = "<group>";
		};
		43D78FBD29DAC5720044840D /* Assembly */ = {
			isa = PBXGroup;
			children = (
				43D78FBE29DAC5A10044840D /* MeetingAppointmentAssembly.swift */,
			);
			path = Assembly;
			sourceTree = "<group>";
		};
		43E10B9729D2FD8D003B0EC2 /* App */ = {
			isa = PBXGroup;
			children = (
				29B3AEB829C37E73007C763D /* AppDelegate.swift */,
				5792517A29D4308900BD5C28 /* SceneDelegate.swift */,
			);
			path = App;
			sourceTree = "<group>";
		};
		43E10B9829D2FD9C003B0EC2 /* Config */ = {
			isa = PBXGroup;
			children = (
				29B3AEC629C37E74007C763D /* Info.plist */,
			);
			path = Config;
			sourceTree = "<group>";
		};
		43E10B9929D2FDB1003B0EC2 /* Resources */ = {
			isa = PBXGroup;
			children = (
				29B3AEC129C37E74007C763D /* Assets.xcassets */,
			);
			path = Resources;
			sourceTree = "<group>";
		};
		43E10B9A29D2FDCD003B0EC2 /* Modules */ = {
			isa = PBXGroup;
			children = (
				43D78F7729DAAE800044840D /* Cart */,
				43D78F6A29DAAE800044840D /* Delivery */,
				43D78FB829DAC51B0044840D /* MeetingAppointment */,
				296CA91829D973060048FE9D /* FinalDelivery */,
				2926F3CF29D7099D00938AA1 /* OrderCheckout */,
			);
			path = Modules;
			sourceTree = "<group>";
		};
		43E10B9D29D30030003B0EC2 /* Flows */ = {
			isa = PBXGroup;
			children = (
				43E10B9E29D3003E003B0EC2 /* Coordinator */,
			);
			path = Flows;
			sourceTree = "<group>";
		};
		43E10B9E29D3003E003B0EC2 /* Coordinator */ = {
			isa = PBXGroup;
			children = (
				43B7BC5629D89EDD00685763 /* Coordinator.swift */,
				43B7BC5829D89EF000685763 /* TypeOfNaviation.swift */,
			);
			path = Coordinator;
			sourceTree = "<group>";
		};
		5792517C29D4318A00BD5C28 /* CommonUI */ = {
			isa = PBXGroup;
			children = (
				5792517D29D4318A00BD5C28 /* Utils */,
				5792518029D4318A00BD5C28 /* UIComponents */,
				5792519629D4318A00BD5C28 /* Colors */,
			);
			path = CommonUI;
			sourceTree = "<group>";
		};
		5792517D29D4318A00BD5C28 /* Utils */ = {
			isa = PBXGroup;
			children = (
				5792517E29D4318A00BD5C28 /* Extentions */,
			);
			path = Utils;
			sourceTree = "<group>";
		};
		5792517E29D4318A00BD5C28 /* Extentions */ = {
			isa = PBXGroup;
			children = (
				5792517F29D4318A00BD5C28 /* UIView+Utils.swift */,
			);
			path = Extentions;
			sourceTree = "<group>";
		};
		5792518029D4318A00BD5C28 /* UIComponents */ = {
			isa = PBXGroup;
			children = (
				5792518129D4318A00BD5C28 /* Abstraction */,
				5792518329D4318A00BD5C28 /* Colors */,
				5792518A29D4318A00BD5C28 /* Views */,
			);
			path = UIComponents;
			sourceTree = "<group>";
		};
		5792518129D4318A00BD5C28 /* Abstraction */ = {
			isa = PBXGroup;
			children = (
				5792518229D4318A00BD5C28 /* ShadowAvailable.swift */,
			);
			path = Abstraction;
			sourceTree = "<group>";
		};
		5792518329D4318A00BD5C28 /* Colors */ = {
			isa = PBXGroup;
			children = (
				5792518429D4318A00BD5C28 /* HSBAColor.swift */,
				5792518529D4318A00BD5C28 /* HSBAColor+UIColor.swift */,
				5792518629D4318A00BD5C28 /* HighlightSettings.swift */,
				5792518729D4318A00BD5C28 /* UIColor+Highlight.swift */,
				5792518829D4318A00BD5C28 /* HSBAColor+Highlight.swift */,
				5792518929D4318A00BD5C28 /* Theme.swift */,
			);
			path = Colors;
			sourceTree = "<group>";
		};
		5792518A29D4318A00BD5C28 /* Views */ = {
			isa = PBXGroup;
			children = (
				5792518B29D4318A00BD5C28 /* Button */,
				5792519429D4318A00BD5C28 /* ActivityIndicator */,
			);
			path = Views;
			sourceTree = "<group>";
		};
		5792518B29D4318A00BD5C28 /* Button */ = {
			isa = PBXGroup;
			children = (
				5792518C29D4318A00BD5C28 /* Button+Configuration.swift */,
				5792518D29D4318A00BD5C28 /* Extentions */,
				5792519329D4318A00BD5C28 /* Button.swift */,
			);
			path = Button;
			sourceTree = "<group>";
		};
		5792518D29D4318A00BD5C28 /* Extentions */ = {
			isa = PBXGroup;
			children = (
				5792518E29D4318A00BD5C28 /* Button.InteractiveColor+Extensions.swift */,
				5792518F29D4318A00BD5C28 /* Button.CornerStyle+Extensions.swift */,
				5792519029D4318A00BD5C28 /* Button.Configuration+Extensions.swift */,
				5792519129D4318A00BD5C28 /* Button+ContentSize.swift */,
				5792519229D4318A00BD5C28 /* Button.Style+Extensions.swift */,
			);
			path = Extentions;
			sourceTree = "<group>";
		};
		5792519429D4318A00BD5C28 /* ActivityIndicator */ = {
			isa = PBXGroup;
			children = (
				5792519529D4318A00BD5C28 /* ActivityIndicatorView.swift */,
				43D78F4129DAAA500044840D /* TEActivityIndicator */,
			);
			path = ActivityIndicator;
			sourceTree = "<group>";
		};
		5792519629D4318A00BD5C28 /* Colors */ = {
			isa = PBXGroup;
			children = (
				5792519729D4318A00BD5C28 /* TEColors.swift */,
				5792519829D4318A00BD5C28 /* Extension+UIColor.swift */,
				5792519929D4318A00BD5C28 /* UIColor+Dynamic.swift */,
			);
			path = Colors;
			sourceTree = "<group>";
		};
		5E746E02A0EE7E044421EF3D /* Pods */ = {
			isa = PBXGroup;
			children = (
				A27094E78D315B8B1DEF6FB1 /* Pods-TinkoffExpress.debug.xcconfig */,
				A03902622883B7CC64F5CF94 /* Pods-TinkoffExpress.release.xcconfig */,
			);
			path = Pods;
			sourceTree = "<group>";
		};
		6038A1AEB29DBFABAF64BFFC /* Frameworks */ = {
			isa = PBXGroup;
			children = (
				3E324B477F9FFDD8C719D73D /* Pods_TinkoffExpress.framework */,
			);
			name = Frameworks;
			sourceTree = "<group>";
		};
/* End PBXGroup section */

/* Begin PBXNativeTarget section */
		29B3AEB429C37E73007C763D /* TinkoffExpress */ = {
			isa = PBXNativeTarget;
			buildConfigurationList = 29B3AEC929C37E74007C763D /* Build configuration list for PBXNativeTarget "TinkoffExpress" */;
			buildPhases = (
				C90D121D53AA32BD554E088A /* [CP] Check Pods Manifest.lock */,
				29B3AECC29C38824007C763D /* SwiftLint */,
				29B3AEB129C37E73007C763D /* Sources */,
				29B3AEB229C37E73007C763D /* Frameworks */,
				29B3AEB329C37E73007C763D /* Resources */,
				8C8B5386CA8C5FF46CA09306 /* [CP] Embed Pods Frameworks */,
			);
			buildRules = (
			);
			dependencies = (
			);
			name = TinkoffExpress;
			productName = TinkoffExpress;
			productReference = 29B3AED129C38C3A007C763D /* TinkoffExpress.app */;
			productType = "com.apple.product-type.application";
		};
/* End PBXNativeTarget section */

/* Begin PBXProject section */
		29B3AEAD29C37E73007C763D /* Project object */ = {
			isa = PBXProject;
			attributes = {
				BuildIndependentTargetsInParallel = 1;
				LastSwiftUpdateCheck = 1420;
				LastUpgradeCheck = 1420;
				TargetAttributes = {
					29B3AEB429C37E73007C763D = {
						CreatedOnToolsVersion = 14.2;
					};
				};
			};
			buildConfigurationList = 29B3AEB029C37E73007C763D /* Build configuration list for PBXProject "TinkoffExpress" */;
			compatibilityVersion = "Xcode 14.0";
			developmentRegion = en;
			hasScannedForEncodings = 0;
			knownRegions = (
				en,
				Base,
			);
			mainGroup = 29B3AEAC29C37E73007C763D;
			productRefGroup = 29B3AEAC29C37E73007C763D;
			projectDirPath = "";
			projectRoot = "";
			targets = (
				29B3AEB429C37E73007C763D /* TinkoffExpress */,
			);
		};
/* End PBXProject section */

/* Begin PBXResourcesBuildPhase section */
		29B3AEB329C37E73007C763D /* Resources */ = {
			isa = PBXResourcesBuildPhase;
			buildActionMask = 2147483647;
			files = (
				29B3AECE29C388C0007C763D /* .swiftlint.yml in Resources */,
				29B3AEC229C37E74007C763D /* Assets.xcassets in Resources */,
			);
			runOnlyForDeploymentPostprocessing = 0;
		};
/* End PBXResourcesBuildPhase section */

/* Begin PBXShellScriptBuildPhase section */
		29B3AECC29C38824007C763D /* SwiftLint */ = {
			isa = PBXShellScriptBuildPhase;
			buildActionMask = 2147483647;
			files = (
			);
			inputFileListPaths = (
			);
			inputPaths = (
			);
			name = SwiftLint;
			outputFileListPaths = (
			);
			outputPaths = (
			);
			runOnlyForDeploymentPostprocessing = 0;
			shellPath = /bin/sh;
			shellScript = "${PODS_ROOT}/SwiftLint/swiftlint\n";
		};
		8C8B5386CA8C5FF46CA09306 /* [CP] Embed Pods Frameworks */ = {
			isa = PBXShellScriptBuildPhase;
			buildActionMask = 2147483647;
			files = (
			);
			inputFileListPaths = (
				"${PODS_ROOT}/Target Support Files/Pods-TinkoffExpress/Pods-TinkoffExpress-frameworks-${CONFIGURATION}-input-files.xcfilelist",
			);
			name = "[CP] Embed Pods Frameworks";
			outputFileListPaths = (
				"${PODS_ROOT}/Target Support Files/Pods-TinkoffExpress/Pods-TinkoffExpress-frameworks-${CONFIGURATION}-output-files.xcfilelist",
			);
			runOnlyForDeploymentPostprocessing = 0;
			shellPath = /bin/sh;
			shellScript = "\"${PODS_ROOT}/Target Support Files/Pods-TinkoffExpress/Pods-TinkoffExpress-frameworks.sh\"\n";
			showEnvVarsInLog = 0;
		};
		C90D121D53AA32BD554E088A /* [CP] Check Pods Manifest.lock */ = {
			isa = PBXShellScriptBuildPhase;
			buildActionMask = 2147483647;
			files = (
			);
			inputFileListPaths = (
			);
			inputPaths = (
				"${PODS_PODFILE_DIR_PATH}/Podfile.lock",
				"${PODS_ROOT}/Manifest.lock",
			);
			name = "[CP] Check Pods Manifest.lock";
			outputFileListPaths = (
			);
			outputPaths = (
				"$(DERIVED_FILE_DIR)/Pods-TinkoffExpress-checkManifestLockResult.txt",
			);
			runOnlyForDeploymentPostprocessing = 0;
			shellPath = /bin/sh;
			shellScript = "diff \"${PODS_PODFILE_DIR_PATH}/Podfile.lock\" \"${PODS_ROOT}/Manifest.lock\" > /dev/null\nif [ $? != 0 ] ; then\n    # print error to STDERR\n    echo \"error: The sandbox is not in sync with the Podfile.lock. Run 'pod install' or update your CocoaPods installation.\" >&2\n    exit 1\nfi\n# This output is used by Xcode 'outputs' to avoid re-running this script phase.\necho \"SUCCESS\" > \"${SCRIPT_OUTPUT_FILE_0}\"\n";
			showEnvVarsInLog = 0;
		};
/* End PBXShellScriptBuildPhase section */

/* Begin PBXSourcesBuildPhase section */
		29B3AEB129C37E73007C763D /* Sources */ = {
			isa = PBXSourcesBuildPhase;
			buildActionMask = 2147483647;
			files = (
				43B7BC5929D89EF000685763 /* TypeOfNaviation.swift in Sources */,
				43D78FC729DAC5F50044840D /* TimeCell.swift in Sources */,
				43D78F8F29DAAE800044840D /* CartService.swift in Sources */,
				43B7BC5B29D89F5600685763 /* Assembly.swift in Sources */,
				579251A729D4318A00BD5C28 /* Button.Style+Extensions.swift in Sources */,
				579251A529D4318A00BD5C28 /* Button.Configuration+Extensions.swift in Sources */,
				43D78FC329DAC5E20044840D /* MeetingAppointmentViewController.swift in Sources */,
				5792517B29D4308900BD5C28 /* SceneDelegate.swift in Sources */,
				43D78FC529DAC5ED0044840D /* DateCell.swift in Sources */,
				296CA91B29D9733C0048FE9D /* FinalDeliveryViewController.swift in Sources */,
				296CA91E29D9743E0048FE9D /* FinalDeliveryTableViewCell.swift in Sources */,
				579251AA29D4318A00BD5C28 /* TEColors.swift in Sources */,
				579251A229D4318A00BD5C28 /* Button+Configuration.swift in Sources */,
				579251A929D4318A00BD5C28 /* ActivityIndicatorView.swift in Sources */,
				43D78F8B29DAAE800044840D /* CartPresenter.swift in Sources */,
				43D78F8329DAAE800044840D /* DeliveryAssembly.swift in Sources */,
				43D78FBF29DAC5A10044840D /* MeetingAppointmentAssembly.swift in Sources */,
				43B7BC5729D89EDD00685763 /* Coordinator.swift in Sources */,
				43D78F8E29DAAE800044840D /* CartCell.swift in Sources */,
				43D78F8929DAAE800044840D /* DeliveryService.swift in Sources */,
				43D78F8429DAAE800044840D /* DeliveryPresenter.swift in Sources */,
				2926F3D429D7099D00938AA1 /* OrderCheckoutCellType.swift in Sources */,
				5792519D29D4318A00BD5C28 /* HSBAColor+UIColor.swift in Sources */,
				579251A629D4318A00BD5C28 /* Button+ContentSize.swift in Sources */,
				43D78FCB29DAC6140044840D /* MeetingAppointmentService.swift in Sources */,
				579251A429D4318A00BD5C28 /* Button.CornerStyle+Extensions.swift in Sources */,
				579251A129D4318A00BD5C28 /* Theme.swift in Sources */,
				43D78F4329DAAA500044840D /* TEActivityIndicatorView.swift in Sources */,
				43D78F8D29DAAE800044840D /* CartViewController.swift in Sources */,
				43D78FC929DAC6050044840D /* MeetingAppointmentPresenter.swift in Sources */,
				43D78F8629DAAE800044840D /* DeliveryCell.swift in Sources */,
				579251A029D4318A00BD5C28 /* HSBAColor+Highlight.swift in Sources */,
				43D78F8C29DAAE800044840D /* Cart.swift in Sources */,
				2926F3D529D7099D00938AA1 /* OrderCheckoutTableViewCell.swift in Sources */,
				43D78FC129DAC5B30044840D /* MeetingAppointment.swift in Sources */,
				43D78F8729DAAE800044840D /* DeliveryHeaderView.swift in Sources */,
				2926F3D629D7099D00938AA1 /* OrderCheckoutViewController.swift in Sources */,
				43D78F8A29DAAE800044840D /* CartAssembly.swift in Sources */,
				579251AB29D4318A00BD5C28 /* Extension+UIColor.swift in Sources */,
				43D78F8529DAAE800044840D /* Delivery.swift in Sources */,
				579251A329D4318A00BD5C28 /* Button.InteractiveColor+Extensions.swift in Sources */,
				5792519A29D4318A00BD5C28 /* UIView+Utils.swift in Sources */,
				43D78F8829DAAE800044840D /* DeliveryViewController.swift in Sources */,
				5792519F29D4318A00BD5C28 /* UIColor+Highlight.swift in Sources */,
				579251A829D4318A00BD5C28 /* Button.swift in Sources */,
				296CA92029D9748C0048FE9D /* FinalDeliveryCellType.swift in Sources */,
				5792519B29D4318A00BD5C28 /* ShadowAvailable.swift in Sources */,
				29B3AEB929C37E73007C763D /* AppDelegate.swift in Sources */,
				579251AC29D4318A00BD5C28 /* UIColor+Dynamic.swift in Sources */,
				5792519C29D4318A00BD5C28 /* HSBAColor.swift in Sources */,
				5792519E29D4318A00BD5C28 /* HighlightSettings.swift in Sources */,
			);
			runOnlyForDeploymentPostprocessing = 0;
		};
/* End PBXSourcesBuildPhase section */

/* Begin XCBuildConfiguration section */
		29B3AEC729C37E74007C763D /* Debug */ = {
			isa = XCBuildConfiguration;
			buildSettings = {
				ALWAYS_SEARCH_USER_PATHS = NO;
				CLANG_ANALYZER_NONNULL = YES;
				CLANG_ANALYZER_NUMBER_OBJECT_CONVERSION = YES_AGGRESSIVE;
				CLANG_CXX_LANGUAGE_STANDARD = "gnu++20";
				CLANG_ENABLE_MODULES = YES;
				CLANG_ENABLE_OBJC_ARC = YES;
				CLANG_ENABLE_OBJC_WEAK = YES;
				CLANG_WARN_BLOCK_CAPTURE_AUTORELEASING = YES;
				CLANG_WARN_BOOL_CONVERSION = YES;
				CLANG_WARN_COMMA = YES;
				CLANG_WARN_CONSTANT_CONVERSION = YES;
				CLANG_WARN_DEPRECATED_OBJC_IMPLEMENTATIONS = YES;
				CLANG_WARN_DIRECT_OBJC_ISA_USAGE = YES_ERROR;
				CLANG_WARN_DOCUMENTATION_COMMENTS = YES;
				CLANG_WARN_EMPTY_BODY = YES;
				CLANG_WARN_ENUM_CONVERSION = YES;
				CLANG_WARN_INFINITE_RECURSION = YES;
				CLANG_WARN_INT_CONVERSION = YES;
				CLANG_WARN_NON_LITERAL_NULL_CONVERSION = YES;
				CLANG_WARN_OBJC_IMPLICIT_RETAIN_SELF = YES;
				CLANG_WARN_OBJC_LITERAL_CONVERSION = YES;
				CLANG_WARN_OBJC_ROOT_CLASS = YES_ERROR;
				CLANG_WARN_QUOTED_INCLUDE_IN_FRAMEWORK_HEADER = YES;
				CLANG_WARN_RANGE_LOOP_ANALYSIS = YES;
				CLANG_WARN_STRICT_PROTOTYPES = YES;
				CLANG_WARN_SUSPICIOUS_MOVE = YES;
				CLANG_WARN_UNGUARDED_AVAILABILITY = YES_AGGRESSIVE;
				CLANG_WARN_UNREACHABLE_CODE = YES;
				CLANG_WARN__DUPLICATE_METHOD_MATCH = YES;
				COPY_PHASE_STRIP = NO;
				DEBUG_INFORMATION_FORMAT = dwarf;
				ENABLE_STRICT_OBJC_MSGSEND = YES;
				ENABLE_TESTABILITY = YES;
				GCC_C_LANGUAGE_STANDARD = gnu11;
				GCC_DYNAMIC_NO_PIC = NO;
				GCC_NO_COMMON_BLOCKS = YES;
				GCC_OPTIMIZATION_LEVEL = 0;
				GCC_PREPROCESSOR_DEFINITIONS = (
					"DEBUG=1",
					"$(inherited)",
				);
				GCC_WARN_64_TO_32_BIT_CONVERSION = YES;
				GCC_WARN_ABOUT_RETURN_TYPE = YES_ERROR;
				GCC_WARN_UNDECLARED_SELECTOR = YES;
				GCC_WARN_UNINITIALIZED_AUTOS = YES_AGGRESSIVE;
				GCC_WARN_UNUSED_FUNCTION = YES;
				GCC_WARN_UNUSED_VARIABLE = YES;
				IPHONEOS_DEPLOYMENT_TARGET = 14.0;
				MTL_ENABLE_DEBUG_INFO = INCLUDE_SOURCE;
				MTL_FAST_MATH = YES;
				ONLY_ACTIVE_ARCH = YES;
				SDKROOT = iphoneos;
				SWIFT_ACTIVE_COMPILATION_CONDITIONS = DEBUG;
				SWIFT_OPTIMIZATION_LEVEL = "-Onone";
			};
			name = Debug;
		};
		29B3AEC829C37E74007C763D /* Release */ = {
			isa = XCBuildConfiguration;
			buildSettings = {
				ALWAYS_SEARCH_USER_PATHS = NO;
				CLANG_ANALYZER_NONNULL = YES;
				CLANG_ANALYZER_NUMBER_OBJECT_CONVERSION = YES_AGGRESSIVE;
				CLANG_CXX_LANGUAGE_STANDARD = "gnu++20";
				CLANG_ENABLE_MODULES = YES;
				CLANG_ENABLE_OBJC_ARC = YES;
				CLANG_ENABLE_OBJC_WEAK = YES;
				CLANG_WARN_BLOCK_CAPTURE_AUTORELEASING = YES;
				CLANG_WARN_BOOL_CONVERSION = YES;
				CLANG_WARN_COMMA = YES;
				CLANG_WARN_CONSTANT_CONVERSION = YES;
				CLANG_WARN_DEPRECATED_OBJC_IMPLEMENTATIONS = YES;
				CLANG_WARN_DIRECT_OBJC_ISA_USAGE = YES_ERROR;
				CLANG_WARN_DOCUMENTATION_COMMENTS = YES;
				CLANG_WARN_EMPTY_BODY = YES;
				CLANG_WARN_ENUM_CONVERSION = YES;
				CLANG_WARN_INFINITE_RECURSION = YES;
				CLANG_WARN_INT_CONVERSION = YES;
				CLANG_WARN_NON_LITERAL_NULL_CONVERSION = YES;
				CLANG_WARN_OBJC_IMPLICIT_RETAIN_SELF = YES;
				CLANG_WARN_OBJC_LITERAL_CONVERSION = YES;
				CLANG_WARN_OBJC_ROOT_CLASS = YES_ERROR;
				CLANG_WARN_QUOTED_INCLUDE_IN_FRAMEWORK_HEADER = YES;
				CLANG_WARN_RANGE_LOOP_ANALYSIS = YES;
				CLANG_WARN_STRICT_PROTOTYPES = YES;
				CLANG_WARN_SUSPICIOUS_MOVE = YES;
				CLANG_WARN_UNGUARDED_AVAILABILITY = YES_AGGRESSIVE;
				CLANG_WARN_UNREACHABLE_CODE = YES;
				CLANG_WARN__DUPLICATE_METHOD_MATCH = YES;
				COPY_PHASE_STRIP = NO;
				DEBUG_INFORMATION_FORMAT = "dwarf-with-dsym";
				ENABLE_NS_ASSERTIONS = NO;
				ENABLE_STRICT_OBJC_MSGSEND = YES;
				GCC_C_LANGUAGE_STANDARD = gnu11;
				GCC_NO_COMMON_BLOCKS = YES;
				GCC_WARN_64_TO_32_BIT_CONVERSION = YES;
				GCC_WARN_ABOUT_RETURN_TYPE = YES_ERROR;
				GCC_WARN_UNDECLARED_SELECTOR = YES;
				GCC_WARN_UNINITIALIZED_AUTOS = YES_AGGRESSIVE;
				GCC_WARN_UNUSED_FUNCTION = YES;
				GCC_WARN_UNUSED_VARIABLE = YES;
				IPHONEOS_DEPLOYMENT_TARGET = 14.0;
				MTL_ENABLE_DEBUG_INFO = NO;
				MTL_FAST_MATH = YES;
				SDKROOT = iphoneos;
				SWIFT_COMPILATION_MODE = wholemodule;
				SWIFT_OPTIMIZATION_LEVEL = "-O";
				VALIDATE_PRODUCT = YES;
			};
			name = Release;
		};
		29B3AECA29C37E74007C763D /* Debug */ = {
			isa = XCBuildConfiguration;
			baseConfigurationReference = A27094E78D315B8B1DEF6FB1 /* Pods-TinkoffExpress.debug.xcconfig */;
			buildSettings = {
				ASSETCATALOG_COMPILER_APPICON_NAME = AppIcon;
				ASSETCATALOG_COMPILER_GLOBAL_ACCENT_COLOR_NAME = AccentColor;
				CODE_SIGN_STYLE = Automatic;
				CURRENT_PROJECT_VERSION = 1;
				DEVELOPMENT_TEAM = 72SVK4HY2X;
				GENERATE_INFOPLIST_FILE = YES;
				INFOPLIST_FILE = TinkoffExpress/Config/Info.plist;
				INFOPLIST_KEY_UIApplicationSupportsIndirectInputEvents = YES;
				INFOPLIST_KEY_UILaunchStoryboardName = LaunchScreen;
				INFOPLIST_KEY_UISupportedInterfaceOrientations_iPad = "UIInterfaceOrientationPortrait UIInterfaceOrientationPortraitUpsideDown UIInterfaceOrientationLandscapeLeft UIInterfaceOrientationLandscapeRight";
				INFOPLIST_KEY_UISupportedInterfaceOrientations_iPhone = "UIInterfaceOrientationPortrait UIInterfaceOrientationLandscapeLeft UIInterfaceOrientationLandscapeRight";
				IPHONEOS_DEPLOYMENT_TARGET = 14.0;
				LD_RUNPATH_SEARCH_PATHS = (
					"$(inherited)",
					"@executable_path/Frameworks",
				);
				MARKETING_VERSION = 1.0;
				PRODUCT_BUNDLE_IDENTIFIER = com.tinkoff.TinkoffExpress;
				PRODUCT_NAME = "$(TARGET_NAME)";
				SUPPORTED_PLATFORMS = "iphoneos iphonesimulator";
				SUPPORTS_MACCATALYST = NO;
				SUPPORTS_MAC_DESIGNED_FOR_IPHONE_IPAD = NO;
				SWIFT_EMIT_LOC_STRINGS = YES;
				SWIFT_VERSION = 5.0;
				TARGETED_DEVICE_FAMILY = 1;
			};
			name = Debug;
		};
		29B3AECB29C37E74007C763D /* Release */ = {
			isa = XCBuildConfiguration;
			baseConfigurationReference = A03902622883B7CC64F5CF94 /* Pods-TinkoffExpress.release.xcconfig */;
			buildSettings = {
				ASSETCATALOG_COMPILER_APPICON_NAME = AppIcon;
				ASSETCATALOG_COMPILER_GLOBAL_ACCENT_COLOR_NAME = AccentColor;
				CODE_SIGN_STYLE = Automatic;
				CURRENT_PROJECT_VERSION = 1;
				DEVELOPMENT_TEAM = 72SVK4HY2X;
				GENERATE_INFOPLIST_FILE = YES;
				INFOPLIST_FILE = TinkoffExpress/Config/Info.plist;
				INFOPLIST_KEY_UIApplicationSupportsIndirectInputEvents = YES;
				INFOPLIST_KEY_UILaunchStoryboardName = LaunchScreen;
				INFOPLIST_KEY_UISupportedInterfaceOrientations_iPad = "UIInterfaceOrientationPortrait UIInterfaceOrientationPortraitUpsideDown UIInterfaceOrientationLandscapeLeft UIInterfaceOrientationLandscapeRight";
				INFOPLIST_KEY_UISupportedInterfaceOrientations_iPhone = "UIInterfaceOrientationPortrait UIInterfaceOrientationLandscapeLeft UIInterfaceOrientationLandscapeRight";
				IPHONEOS_DEPLOYMENT_TARGET = 14.0;
				LD_RUNPATH_SEARCH_PATHS = (
					"$(inherited)",
					"@executable_path/Frameworks",
				);
				MARKETING_VERSION = 1.0;
				PRODUCT_BUNDLE_IDENTIFIER = com.tinkoff.TinkoffExpress;
				PRODUCT_NAME = "$(TARGET_NAME)";
				SUPPORTED_PLATFORMS = "iphoneos iphonesimulator";
				SUPPORTS_MACCATALYST = NO;
				SUPPORTS_MAC_DESIGNED_FOR_IPHONE_IPAD = NO;
				SWIFT_EMIT_LOC_STRINGS = YES;
				SWIFT_VERSION = 5.0;
				TARGETED_DEVICE_FAMILY = 1;
			};
			name = Release;
		};
/* End XCBuildConfiguration section */

/* Begin XCConfigurationList section */
		29B3AEB029C37E73007C763D /* Build configuration list for PBXProject "TinkoffExpress" */ = {
			isa = XCConfigurationList;
			buildConfigurations = (
				29B3AEC729C37E74007C763D /* Debug */,
				29B3AEC829C37E74007C763D /* Release */,
			);
			defaultConfigurationIsVisible = 0;
			defaultConfigurationName = Release;
		};
		29B3AEC929C37E74007C763D /* Build configuration list for PBXNativeTarget "TinkoffExpress" */ = {
			isa = XCConfigurationList;
			buildConfigurations = (
				29B3AECA29C37E74007C763D /* Debug */,
				29B3AECB29C37E74007C763D /* Release */,
			);
			defaultConfigurationIsVisible = 0;
			defaultConfigurationName = Release;
		};
/* End XCConfigurationList section */
	};
	rootObject = 29B3AEAD29C37E73007C763D /* Project object */;
}
